
Microsoft Visual Studio Solution File, Format Version 12.00
# Visual Studio Version 17
VisualStudioVersion = 17.11.35312.102
MinimumVisualStudioVersion = 10.0.40219.1
Project("{9A19103F-16F7-4668-BE54-9A1E7A4F7556}") = "FriendOrganiserUI", "FriendOrganiserUI\FriendOrganiserUI.csproj", "{FA61B7D6-6B67-48E0-BF17-1A5CC38A1917}"
EndProject
Project("{9A19103F-16F7-4668-BE54-9A1E7A4F7556}") = "FriendOrganiserUI.APIAccess", "FriendOrganiserUI.APIAccess\FriendOrganiserUI.APIAccess.csproj", "{09C0BFC1-B096-421F-8DDF-83BA1370A178}"
EndProject
Project("{9A19103F-16F7-4668-BE54-9A1E7A4F7556}") = "FriendOrganiser.Model", "FriendOrganiserUI.Model\FriendOrganiser.Model.csproj", "{11DD9FA9-83D8-4F2E-BC0E-0B30D0CE30B8}"
EndProject
Global
	GlobalSection(SolutionConfigurationPlatforms) = preSolution
		Debug|Any CPU = Debug|Any CPU
		Release|Any CPU = Release|Any CPU
	EndGlobalSection
	GlobalSection(ProjectConfigurationPlatforms) = postSolution
		{FA61B7D6-6B67-48E0-BF17-1A5CC38A1917}.Debug|Any CPU.ActiveCfg = Debug|Any CPU
		{FA61B7D6-6B67-48E0-BF17-1A5CC38A1917}.Debug|Any CPU.Build.0 = Debug|Any CPU
		{FA61B7D6-6B67-48E0-BF17-1A5CC38A1917}.Release|Any CPU.ActiveCfg = Release|Any CPU
		{FA61B7D6-6B67-48E0-BF17-1A5CC38A1917}.Release|Any CPU.Build.0 = Release|Any CPU
		{09C0BFC1-B096-421F-8DDF-83BA1370A178}.Debug|Any CPU.ActiveCfg = Debug|Any CPU
		{09C0BFC1-B096-421F-8DDF-83BA1370A178}.Debug|Any CPU.Build.0 = Debug|Any CPU
		{09C0BFC1-B096-421F-8DDF-83BA1370A178}.Release|Any CPU.ActiveCfg = Release|Any CPU
		{09C0BFC1-B096-421F-8DDF-83BA1370A178}.Release|Any CPU.Build.0 = Release|Any CPU
		{11DD9FA9-83D8-4F2E-BC0E-0B30D0CE30B8}.Debug|Any CPU.ActiveCfg = Debug|Any CPU
		{11DD9FA9-83D8-4F2E-BC0E-0B30D0CE30B8}.Debug|Any CPU.Build.0 = Debug|Any CPU
		{11DD9FA9-83D8-4F2E-BC0E-0B30D0CE30B8}.Release|Any CPU.ActiveCfg = Release|Any CPU
		{11DD9FA9-83D8-4F2E-BC0E-0B30D0CE30B8}.Release|Any CPU.Build.0 = Release|Any CPU
	EndGlobalSection
	GlobalSection(SolutionProperties) = preSolution
		HideSolutionNode = FALSE
	EndGlobalSection
	GlobalSection(ExtensibilityGlobals) = postSolution
		SolutionGuid = {C83B3E19-BAA4-4891-AC7C-377B208EB3BF}
	EndGlobalSection
EndGlobal
